
Microsoft Visual Studio Solution File, Format Version 12.00
# Visual Studio Version 17
VisualStudioVersion = 17.3.32901.215
MinimumVisualStudioVersion = 10.0.40219.1
Project("{FAE04EC0-301F-11D3-BF4B-00C04F79EFBC}") = "CarAcademyProject", "CarAcademyProject\CarAcademyProject.csproj", "{17DF0B4F-E524-4FC5-836D-DB645A2EC201}"
EndProject
Project("{FAE04EC0-301F-11D3-BF4B-00C04F79EFBC}") = "CarAcademyProjectDL", "CarAcademyProjectDL\CarAcademyProjectDL.csproj", "{46B5B29F-7082-4186-B4DF-5067601D2DD5}"
EndProject
Project("{FAE04EC0-301F-11D3-BF4B-00C04F79EFBC}") = "CarAcademyProjectBL", "CarAcademyProjectBL\CarAcademyProjectBL.csproj", "{06F6EB81-CF53-4DA4-BBAF-94BD549DBF26}"
EndProject
Project("{FAE04EC0-301F-11D3-BF4B-00C04F79EFBC}") = "CarAcademyProjectModels", "CarAcademyProjectModels\CarAcademyProjectModels.csproj", "{884DFDDE-9E82-4705-9EFC-712C0D2377DD}"
EndProject
Project("{FAE04EC0-301F-11D3-BF4B-00C04F79EFBC}") = "CarAcademyProjcetTest", "CarAcademyProjcetTest\CarAcademyProjcetTest.csproj", "{5F157027-C66A-4176-A55A-E5BA490F1F69}"
EndProject
Global
	GlobalSection(SolutionConfigurationPlatforms) = preSolution
		Debug|Any CPU = Debug|Any CPU
		Release|Any CPU = Release|Any CPU
	EndGlobalSection
	GlobalSection(ProjectConfigurationPlatforms) = postSolution
		{17DF0B4F-E524-4FC5-836D-DB645A2EC201}.Debug|Any CPU.ActiveCfg = Debug|Any CPU
		{17DF0B4F-E524-4FC5-836D-DB645A2EC201}.Debug|Any CPU.Build.0 = Debug|Any CPU
		{17DF0B4F-E524-4FC5-836D-DB645A2EC201}.Release|Any CPU.ActiveCfg = Release|Any CPU
		{17DF0B4F-E524-4FC5-836D-DB645A2EC201}.Release|Any CPU.Build.0 = Release|Any CPU
		{46B5B29F-7082-4186-B4DF-5067601D2DD5}.Debug|Any CPU.ActiveCfg = Debug|Any CPU
		{46B5B29F-7082-4186-B4DF-5067601D2DD5}.Debug|Any CPU.Build.0 = Debug|Any CPU
		{46B5B29F-7082-4186-B4DF-5067601D2DD5}.Release|Any CPU.ActiveCfg = Release|Any CPU
		{46B5B29F-7082-4186-B4DF-5067601D2DD5}.Release|Any CPU.Build.0 = Release|Any CPU
		{06F6EB81-CF53-4DA4-BBAF-94BD549DBF26}.Debug|Any CPU.ActiveCfg = Debug|Any CPU
		{06F6EB81-CF53-4DA4-BBAF-94BD549DBF26}.Debug|Any CPU.Build.0 = Debug|Any CPU
		{06F6EB81-CF53-4DA4-BBAF-94BD549DBF26}.Release|Any CPU.ActiveCfg = Release|Any CPU
		{06F6EB81-CF53-4DA4-BBAF-94BD549DBF26}.Release|Any CPU.Build.0 = Release|Any CPU
		{884DFDDE-9E82-4705-9EFC-712C0D2377DD}.Debug|Any CPU.ActiveCfg = Debug|Any CPU
		{884DFDDE-9E82-4705-9EFC-712C0D2377DD}.Debug|Any CPU.Build.0 = Debug|Any CPU
		{884DFDDE-9E82-4705-9EFC-712C0D2377DD}.Release|Any CPU.ActiveCfg = Release|Any CPU
		{884DFDDE-9E82-4705-9EFC-712C0D2377DD}.Release|Any CPU.Build.0 = Release|Any CPU
		{5F157027-C66A-4176-A55A-E5BA490F1F69}.Debug|Any CPU.ActiveCfg = Debug|Any CPU
		{5F157027-C66A-4176-A55A-E5BA490F1F69}.Debug|Any CPU.Build.0 = Debug|Any CPU
		{5F157027-C66A-4176-A55A-E5BA490F1F69}.Release|Any CPU.ActiveCfg = Release|Any CPU
		{5F157027-C66A-4176-A55A-E5BA490F1F69}.Release|Any CPU.Build.0 = Release|Any CPU
	EndGlobalSection
	GlobalSection(SolutionProperties) = preSolution
		HideSolutionNode = FALSE
	EndGlobalSection
	GlobalSection(ExtensibilityGlobals) = postSolution
		SolutionGuid = {7E73A3EB-046F-462C-A0AD-BCB8DE65135F}
	EndGlobalSection
EndGlobal
